
Microsoft Visual Studio Solution File, Format Version 12.00
# Visual Studio Version 17
VisualStudioVersion = 17.2.32505.173
MinimumVisualStudioVersion = 10.0.40219.1
Project("{FAE04EC0-301F-11D3-BF4B-00C04F79EFBC}") = "VlogManegment", "VlogManegment\VlogManegment.csproj", "{E1B2F72E-B832-4F8C-B637-271C379A6B32}"
EndProject
Global
	GlobalSection(SolutionConfigurationPlatforms) = preSolution
		Debug|Any CPU = Debug|Any CPU
		Release|Any CPU = Release|Any CPU
	EndGlobalSection
	GlobalSection(ProjectConfigurationPlatforms) = postSolution
		{E1B2F72E-B832-4F8C-B637-271C379A6B32}.Debug|Any CPU.ActiveCfg = Debug|Any CPU
		{E1B2F72E-B832-4F8C-B637-271C379A6B32}.Debug|Any CPU.Build.0 = Debug|Any CPU
		{E1B2F72E-B832-4F8C-B637-271C379A6B32}.Release|Any CPU.ActiveCfg = Release|Any CPU
		{E1B2F72E-B832-4F8C-B637-271C379A6B32}.Release|Any CPU.Build.0 = Release|Any CPU
	EndGlobalSection
	GlobalSection(SolutionProperties) = preSolution
		HideSolutionNode = FALSE
	EndGlobalSection
	GlobalSection(ExtensibilityGlobals) = postSolution
		SolutionGuid = {C75A4B05-5DDC-440C-8EA4-A1CE64A610DD}
	EndGlobalSection
EndGlobal
